
Microsoft Visual Studio Solution File, Format Version 12.00
# Visual Studio Version 16
VisualStudioVersion = 16.0.30523.141
MinimumVisualStudioVersion = 10.0.40219.1
Project("{FAE04EC0-301F-11D3-BF4B-00C04F79EFBC}") = "WinApp4", "WinApp4\WinApp4.csproj", "{7BA92466-8994-43CB-96D5-30D88A2BBF78}"
EndProject
Project("{FAE04EC0-301F-11D3-BF4B-00C04F79EFBC}") = "WindowsFormsApp1", "WindowsFormsApp1\WindowsFormsApp1.csproj", "{941F18ED-9D6E-44CE-9BEF-2F5981399D1A}"
EndProject
Project("{FAE04EC0-301F-11D3-BF4B-00C04F79EFBC}") = "WinApp5", "..\WinApp5\WinApp5.csproj", "{E2AF98D7-900E-430D-8791-5F27B5CCD723}"
EndProject
Global
	GlobalSection(SolutionConfigurationPlatforms) = preSolution
		Debug|Any CPU = Debug|Any CPU
		Release|Any CPU = Release|Any CPU
	EndGlobalSection
	GlobalSection(ProjectConfigurationPlatforms) = postSolution
		{7BA92466-8994-43CB-96D5-30D88A2BBF78}.Debug|Any CPU.ActiveCfg = Debug|Any CPU
		{7BA92466-8994-43CB-96D5-30D88A2BBF78}.Debug|Any CPU.Build.0 = Debug|Any CPU
		{7BA92466-8994-43CB-96D5-30D88A2BBF78}.Release|Any CPU.ActiveCfg = Release|Any CPU
		{7BA92466-8994-43CB-96D5-30D88A2BBF78}.Release|Any CPU.Build.0 = Release|Any CPU
		{941F18ED-9D6E-44CE-9BEF-2F5981399D1A}.Debug|Any CPU.ActiveCfg = Debug|Any CPU
		{941F18ED-9D6E-44CE-9BEF-2F5981399D1A}.Debug|Any CPU.Build.0 = Debug|Any CPU
		{941F18ED-9D6E-44CE-9BEF-2F5981399D1A}.Release|Any CPU.ActiveCfg = Release|Any CPU
		{941F18ED-9D6E-44CE-9BEF-2F5981399D1A}.Release|Any CPU.Build.0 = Release|Any CPU
		{E2AF98D7-900E-430D-8791-5F27B5CCD723}.Debug|Any CPU.ActiveCfg = Debug|Any CPU
		{E2AF98D7-900E-430D-8791-5F27B5CCD723}.Debug|Any CPU.Build.0 = Debug|Any CPU
		{E2AF98D7-900E-430D-8791-5F27B5CCD723}.Release|Any CPU.ActiveCfg = Release|Any CPU
		{E2AF98D7-900E-430D-8791-5F27B5CCD723}.Release|Any CPU.Build.0 = Release|Any CPU
	EndGlobalSection
	GlobalSection(SolutionProperties) = preSolution
		HideSolutionNode = FALSE
	EndGlobalSection
	GlobalSection(ExtensibilityGlobals) = postSolution
		SolutionGuid = {788A6BB9-4B2D-4D68-AF30-A17DF8B0420D}
	EndGlobalSection
EndGlobal
